// !$*UTF8*$!
{
	archiveVersion = 1;
	classes = {
	};
	objectVersion = 55;
	objects = {

/* Begin PBXBuildFile section */
		C580B9C1529F1EFB0C077E17 /* Pods_foo_appar__iOS_.framework in Frameworks */ = {isa = PBXBuildFile; fileRef = 83A8C0F0A0C20FDD6AD21956 /* Pods_foo_appar__iOS_.framework */; };
		E5E7C4DA27C7D82E00A77E5D /* Tests_iOS.swift in Sources */ = {isa = PBXBuildFile; fileRef = E5E7C4D927C7D82E00A77E5D /* Tests_iOS.swift */; };
		E5E7C4DC27C7D82E00A77E5D /* Tests_iOSLaunchTests.swift in Sources */ = {isa = PBXBuildFile; fileRef = E5E7C4DB27C7D82E00A77E5D /* Tests_iOSLaunchTests.swift */; };
		E5E7C4E627C7D82E00A77E5D /* Tests_macOS.swift in Sources */ = {isa = PBXBuildFile; fileRef = E5E7C4E527C7D82E00A77E5D /* Tests_macOS.swift */; };
		E5E7C4E827C7D82E00A77E5D /* Tests_macOSLaunchTests.swift in Sources */ = {isa = PBXBuildFile; fileRef = E5E7C4E727C7D82E00A77E5D /* Tests_macOSLaunchTests.swift */; };
		E5E7C4E927C7D82E00A77E5D /* foo_apparApp.swift in Sources */ = {isa = PBXBuildFile; fileRef = E5E7C4C127C7D82D00A77E5D /* foo_apparApp.swift */; };
		E5E7C4EA27C7D82E00A77E5D /* foo_apparApp.swift in Sources */ = {isa = PBXBuildFile; fileRef = E5E7C4C127C7D82D00A77E5D /* foo_apparApp.swift */; };
		E5E7C4EB27C7D82E00A77E5D /* ContentView.swift in Sources */ = {isa = PBXBuildFile; fileRef = E5E7C4C227C7D82D00A77E5D /* ContentView.swift */; };
		E5E7C4EC27C7D82E00A77E5D /* ContentView.swift in Sources */ = {isa = PBXBuildFile; fileRef = E5E7C4C227C7D82D00A77E5D /* ContentView.swift */; };
		E5E7C50127C7E94100A77E5D /* ContentViewBridge.swift in Sources */ = {isa = PBXBuildFile; fileRef = E5E7C50027C7E94100A77E5D /* ContentViewBridge.swift */; };
		E5E7C50227C7E94100A77E5D /* ContentViewBridge.swift in Sources */ = {isa = PBXBuildFile; fileRef = E5E7C50027C7E94100A77E5D /* ContentViewBridge.swift */; };
		E5E7C50427C7ED1200A77E5D /* utility.swift in Sources */ = {isa = PBXBuildFile; fileRef = E5E7C50327C7ED1200A77E5D /* utility.swift */; };
		E5E7C50527C7ED1200A77E5D /* utility.swift in Sources */ = {isa = PBXBuildFile; fileRef = E5E7C50327C7ED1200A77E5D /* utility.swift */; };
		E5E7C51127C823B200A77E5D /* birb.riv in Resources */ = {isa = PBXBuildFile; fileRef = E5E7C51027C822CD00A77E5D /* birb.riv */; };
		F5831680C4EF0733AFF8B302 /* Pods_foo_appar__macOS_.framework in Frameworks */ = {isa = PBXBuildFile; fileRef = 9353EF82356F28947E6E4481 /* Pods_foo_appar__macOS_.framework */; };
/* End PBXBuildFile section */

/* Begin PBXContainerItemProxy section */
		E5E7C4D627C7D82E00A77E5D /* PBXContainerItemProxy */ = {
			isa = PBXContainerItemProxy;
			containerPortal = E5E7C4BC27C7D82C00A77E5D /* Project object */;
			proxyType = 1;
			remoteGlobalIDString = E5E7C4C727C7D82E00A77E5D;
			remoteInfo = "foo-appar (iOS)";
		};
		E5E7C4E227C7D82E00A77E5D /* PBXContainerItemProxy */ = {
			isa = PBXContainerItemProxy;
			containerPortal = E5E7C4BC27C7D82C00A77E5D /* Project object */;
			proxyType = 1;
			remoteGlobalIDString = E5E7C4CD27C7D82E00A77E5D;
			remoteInfo = "foo-appar (macOS)";
		};
/* End PBXContainerItemProxy section */

/* Begin PBXFileReference section */
		6B40B0F8FDC6EC95CA594224 /* Pods-foo-appar (macOS).release.xcconfig */ = {isa = PBXFileReference; includeInIndex = 1; lastKnownFileType = text.xcconfig; name = "Pods-foo-appar (macOS).release.xcconfig"; path = "Target Support Files/Pods-foo-appar (macOS)/Pods-foo-appar (macOS).release.xcconfig"; sourceTree = "<group>"; };
		83A8C0F0A0C20FDD6AD21956 /* Pods_foo_appar__iOS_.framework */ = {isa = PBXFileReference; explicitFileType = wrapper.framework; includeInIndex = 0; path = Pods_foo_appar__iOS_.framework; sourceTree = BUILT_PRODUCTS_DIR; };
		8F84DA16239385725B7581B8 /* Pods-foo-appar (iOS).release.xcconfig */ = {isa = PBXFileReference; includeInIndex = 1; lastKnownFileType = text.xcconfig; name = "Pods-foo-appar (iOS).release.xcconfig"; path = "Target Support Files/Pods-foo-appar (iOS)/Pods-foo-appar (iOS).release.xcconfig"; sourceTree = "<group>"; };
		9353EF82356F28947E6E4481 /* Pods_foo_appar__macOS_.framework */ = {isa = PBXFileReference; explicitFileType = wrapper.framework; includeInIndex = 0; path = Pods_foo_appar__macOS_.framework; sourceTree = BUILT_PRODUCTS_DIR; };
		C67B31500FDE5A051732EAF5 /* Pods-foo-appar (iOS).debug.xcconfig */ = {isa = PBXFileReference; includeInIndex = 1; lastKnownFileType = text.xcconfig; name = "Pods-foo-appar (iOS).debug.xcconfig"; path = "Target Support Files/Pods-foo-appar (iOS)/Pods-foo-appar (iOS).debug.xcconfig"; sourceTree = "<group>"; };
		E5E7C4C127C7D82D00A77E5D /* foo_apparApp.swift */ = {isa = PBXFileReference; lastKnownFileType = sourcecode.swift; path = foo_apparApp.swift; sourceTree = "<group>"; };
		E5E7C4C227C7D82D00A77E5D /* ContentView.swift */ = {isa = PBXFileReference; lastKnownFileType = sourcecode.swift; path = ContentView.swift; sourceTree = "<group>"; };
		E5E7C4C827C7D82E00A77E5D /* foo-appar.app */ = {isa = PBXFileReference; explicitFileType = wrapper.application; includeInIndex = 0; path = "foo-appar.app"; sourceTree = BUILT_PRODUCTS_DIR; };
		E5E7C4CE27C7D82E00A77E5D /* foo-appar.app */ = {isa = PBXFileReference; explicitFileType = wrapper.application; includeInIndex = 0; path = "foo-appar.app"; sourceTree = BUILT_PRODUCTS_DIR; };
		E5E7C4D027C7D82E00A77E5D /* macOS.entitlements */ = {isa = PBXFileReference; lastKnownFileType = text.plist.entitlements; path = macOS.entitlements; sourceTree = "<group>"; };
		E5E7C4D527C7D82E00A77E5D /* Tests iOS.xctest */ = {isa = PBXFileReference; explicitFileType = wrapper.cfbundle; includeInIndex = 0; path = "Tests iOS.xctest"; sourceTree = BUILT_PRODUCTS_DIR; };
		E5E7C4D927C7D82E00A77E5D /* Tests_iOS.swift */ = {isa = PBXFileReference; lastKnownFileType = sourcecode.swift; path = Tests_iOS.swift; sourceTree = "<group>"; };
		E5E7C4DB27C7D82E00A77E5D /* Tests_iOSLaunchTests.swift */ = {isa = PBXFileReference; lastKnownFileType = sourcecode.swift; path = Tests_iOSLaunchTests.swift; sourceTree = "<group>"; };
		E5E7C4E127C7D82E00A77E5D /* Tests macOS.xctest */ = {isa = PBXFileReference; explicitFileType = wrapper.cfbundle; includeInIndex = 0; path = "Tests macOS.xctest"; sourceTree = BUILT_PRODUCTS_DIR; };
		E5E7C4E527C7D82E00A77E5D /* Tests_macOS.swift */ = {isa = PBXFileReference; lastKnownFileType = sourcecode.swift; path = Tests_macOS.swift; sourceTree = "<group>"; };
		E5E7C4E727C7D82E00A77E5D /* Tests_macOSLaunchTests.swift */ = {isa = PBXFileReference; lastKnownFileType = sourcecode.swift; path = Tests_macOSLaunchTests.swift; sourceTree = "<group>"; };
		E5E7C50027C7E94100A77E5D /* ContentViewBridge.swift */ = {isa = PBXFileReference; lastKnownFileType = sourcecode.swift; path = ContentViewBridge.swift; sourceTree = "<group>"; };
		E5E7C50327C7ED1200A77E5D /* utility.swift */ = {isa = PBXFileReference; lastKnownFileType = sourcecode.swift; path = utility.swift; sourceTree = "<group>"; };
		E5E7C51027C822CD00A77E5D /* birb.riv */ = {isa = PBXFileReference; lastKnownFileType = file; name = birb.riv; path = "../../../riv-ex/birb.riv"; sourceTree = "<group>"; };
		ECC28A9C5832510B8059311A /* Pods-foo-appar (macOS).debug.xcconfig */ = {isa = PBXFileReference; includeInIndex = 1; lastKnownFileType = text.xcconfig; name = "Pods-foo-appar (macOS).debug.xcconfig"; path = "Target Support Files/Pods-foo-appar (macOS)/Pods-foo-appar (macOS).debug.xcconfig"; sourceTree = "<group>"; };
/* End PBXFileReference section */

/* Begin PBXFrameworksBuildPhase section */
		E5E7C4C527C7D82E00A77E5D /* Frameworks */ = {
			isa = PBXFrameworksBuildPhase;
			buildActionMask = 2147483647;
			files = (
				C580B9C1529F1EFB0C077E17 /* Pods_foo_appar__iOS_.framework in Frameworks */,
			);
			runOnlyForDeploymentPostprocessing = 0;
		};
		E5E7C4CB27C7D82E00A77E5D /* Frameworks */ = {
			isa = PBXFrameworksBuildPhase;
			buildActionMask = 2147483647;
			files = (
				F5831680C4EF0733AFF8B302 /* Pods_foo_appar__macOS_.framework in Frameworks */,
			);
			runOnlyForDeploymentPostprocessing = 0;
		};
		E5E7C4D227C7D82E00A77E5D /* Frameworks */ = {
			isa = PBXFrameworksBuildPhase;
			buildActionMask = 2147483647;
			files = (
			);
			runOnlyForDeploymentPostprocessing = 0;
		};
		E5E7C4DE27C7D82E00A77E5D /* Frameworks */ = {
			isa = PBXFrameworksBuildPhase;
			buildActionMask = 2147483647;
			files = (
			);
			runOnlyForDeploymentPostprocessing = 0;
		};
/* End PBXFrameworksBuildPhase section */

/* Begin PBXGroup section */
		4664612871B3E849324B78DF /* Pods */ = {
			isa = PBXGroup;
			children = (
				C67B31500FDE5A051732EAF5 /* Pods-foo-appar (iOS).debug.xcconfig */,
				8F84DA16239385725B7581B8 /* Pods-foo-appar (iOS).release.xcconfig */,
				ECC28A9C5832510B8059311A /* Pods-foo-appar (macOS).debug.xcconfig */,
				6B40B0F8FDC6EC95CA594224 /* Pods-foo-appar (macOS).release.xcconfig */,
			);
			path = Pods;
			sourceTree = "<group>";
		};
		96E4D646852EB40BABF239C1 /* Frameworks */ = {
			isa = PBXGroup;
			children = (
				83A8C0F0A0C20FDD6AD21956 /* Pods_foo_appar__iOS_.framework */,
				9353EF82356F28947E6E4481 /* Pods_foo_appar__macOS_.framework */,
			);
			name = Frameworks;
			sourceTree = "<group>";
		};
		E5E7C4BB27C7D82C00A77E5D = {
			isa = PBXGroup;
			children = (
				E5E7C50627C81E6100A77E5D /* Assets */,
				E5E7C4C027C7D82D00A77E5D /* Shared */,
				E5E7C4CF27C7D82E00A77E5D /* macOS */,
				E5E7C4D827C7D82E00A77E5D /* Tests iOS */,
				E5E7C4E427C7D82E00A77E5D /* Tests macOS */,
				E5E7C4C927C7D82E00A77E5D /* Products */,
				4664612871B3E849324B78DF /* Pods */,
				96E4D646852EB40BABF239C1 /* Frameworks */,
			);
			sourceTree = "<group>";
		};
		E5E7C4C027C7D82D00A77E5D /* Shared */ = {
			isa = PBXGroup;
			children = (
				E5E7C4C127C7D82D00A77E5D /* foo_apparApp.swift */,
				E5E7C4C227C7D82D00A77E5D /* ContentView.swift */,
				E5E7C50027C7E94100A77E5D /* ContentViewBridge.swift */,
				E5E7C50327C7ED1200A77E5D /* utility.swift */,
			);
			path = Shared;
			sourceTree = "<group>";
		};
		E5E7C4C927C7D82E00A77E5D /* Products */ = {
			isa = PBXGroup;
			children = (
				E5E7C4C827C7D82E00A77E5D /* foo-appar.app */,
				E5E7C4CE27C7D82E00A77E5D /* foo-appar.app */,
				E5E7C4D527C7D82E00A77E5D /* Tests iOS.xctest */,
				E5E7C4E127C7D82E00A77E5D /* Tests macOS.xctest */,
			);
			name = Products;
			sourceTree = "<group>";
		};
		E5E7C4CF27C7D82E00A77E5D /* macOS */ = {
			isa = PBXGroup;
			children = (
				E5E7C4D027C7D82E00A77E5D /* macOS.entitlements */,
			);
			path = macOS;
			sourceTree = "<group>";
		};
		E5E7C4D827C7D82E00A77E5D /* Tests iOS */ = {
			isa = PBXGroup;
			children = (
				E5E7C4D927C7D82E00A77E5D /* Tests_iOS.swift */,
				E5E7C4DB27C7D82E00A77E5D /* Tests_iOSLaunchTests.swift */,
			);
			path = "Tests iOS";
			sourceTree = "<group>";
		};
		E5E7C4E427C7D82E00A77E5D /* Tests macOS */ = {
			isa = PBXGroup;
			children = (
				E5E7C4E527C7D82E00A77E5D /* Tests_macOS.swift */,
				E5E7C4E727C7D82E00A77E5D /* Tests_macOSLaunchTests.swift */,
			);
			path = "Tests macOS";
			sourceTree = "<group>";
		};
		E5E7C50627C81E6100A77E5D /* Assets */ = {
			isa = PBXGroup;
			children = (
				E5E7C51027C822CD00A77E5D /* birb.riv */,
			);
			path = Assets;
			sourceTree = "<group>";
		};
/* End PBXGroup section */

/* Begin PBXNativeTarget section */
		E5E7C4C727C7D82E00A77E5D /* foo-appar (iOS) */ = {
			isa = PBXNativeTarget;
			buildConfigurationList = E5E7C4F127C7D82E00A77E5D /* Build configuration list for PBXNativeTarget "foo-appar (iOS)" */;
			buildPhases = (
				447F43B0A5C3549946EB6884 /* [CP] Check Pods Manifest.lock */,
				E5E7C4C427C7D82E00A77E5D /* Sources */,
				E5E7C4C527C7D82E00A77E5D /* Frameworks */,
				E5E7C4C627C7D82E00A77E5D /* Resources */,
				9F1C3B1B9E76B25CA50ABCCC /* [CP] Embed Pods Frameworks */,
			);
			buildRules = (
			);
			dependencies = (
			);
			name = "foo-appar (iOS)";
			productName = "foo-appar (iOS)";
			productReference = E5E7C4C827C7D82E00A77E5D /* foo-appar.app */;
			productType = "com.apple.product-type.application";
		};
		E5E7C4CD27C7D82E00A77E5D /* foo-appar (macOS) */ = {
			isa = PBXNativeTarget;
			buildConfigurationList = E5E7C4F427C7D82E00A77E5D /* Build configuration list for PBXNativeTarget "foo-appar (macOS)" */;
			buildPhases = (
				AC51E417E52AB46C87C5D7E6 /* [CP] Check Pods Manifest.lock */,
				E5E7C4CA27C7D82E00A77E5D /* Sources */,
				E5E7C4CB27C7D82E00A77E5D /* Frameworks */,
				E5E7C4CC27C7D82E00A77E5D /* Resources */,
			);
			buildRules = (
			);
			dependencies = (
			);
			name = "foo-appar (macOS)";
			productName = "foo-appar (macOS)";
			productReference = E5E7C4CE27C7D82E00A77E5D /* foo-appar.app */;
			productType = "com.apple.product-type.application";
		};
		E5E7C4D427C7D82E00A77E5D /* Tests iOS */ = {
			isa = PBXNativeTarget;
			buildConfigurationList = E5E7C4F727C7D82E00A77E5D /* Build configuration list for PBXNativeTarget "Tests iOS" */;
			buildPhases = (
				E5E7C4D127C7D82E00A77E5D /* Sources */,
				E5E7C4D227C7D82E00A77E5D /* Frameworks */,
				E5E7C4D327C7D82E00A77E5D /* Resources */,
			);
			buildRules = (
			);
			dependencies = (
				E5E7C4D727C7D82E00A77E5D /* PBXTargetDependency */,
			);
			name = "Tests iOS";
			productName = "Tests iOS";
			productReference = E5E7C4D527C7D82E00A77E5D /* Tests iOS.xctest */;
			productType = "com.apple.product-type.bundle.ui-testing";
		};
		E5E7C4E027C7D82E00A77E5D /* Tests macOS */ = {
			isa = PBXNativeTarget;
			buildConfigurationList = E5E7C4FA27C7D82E00A77E5D /* Build configuration list for PBXNativeTarget "Tests macOS" */;
			buildPhases = (
				E5E7C4DD27C7D82E00A77E5D /* Sources */,
				E5E7C4DE27C7D82E00A77E5D /* Frameworks */,
				E5E7C4DF27C7D82E00A77E5D /* Resources */,
			);
			buildRules = (
			);
			dependencies = (
				E5E7C4E327C7D82E00A77E5D /* PBXTargetDependency */,
			);
			name = "Tests macOS";
			productName = "Tests macOS";
			productReference = E5E7C4E127C7D82E00A77E5D /* Tests macOS.xctest */;
			productType = "com.apple.product-type.bundle.ui-testing";
		};
/* End PBXNativeTarget section */

/* Begin PBXProject section */
		E5E7C4BC27C7D82C00A77E5D /* Project object */ = {
			isa = PBXProject;
			attributes = {
				BuildIndependentTargetsInParallel = 1;
				LastSwiftUpdateCheck = 1320;
				LastUpgradeCheck = 1320;
				TargetAttributes = {
					E5E7C4C727C7D82E00A77E5D = {
						CreatedOnToolsVersion = 13.2.1;
					};
					E5E7C4CD27C7D82E00A77E5D = {
						CreatedOnToolsVersion = 13.2.1;
					};
					E5E7C4D427C7D82E00A77E5D = {
						CreatedOnToolsVersion = 13.2.1;
						TestTargetID = E5E7C4C727C7D82E00A77E5D;
					};
					E5E7C4E027C7D82E00A77E5D = {
						CreatedOnToolsVersion = 13.2.1;
						TestTargetID = E5E7C4CD27C7D82E00A77E5D;
					};
				};
			};
			buildConfigurationList = E5E7C4BF27C7D82C00A77E5D /* Build configuration list for PBXProject "foo-appar" */;
			compatibilityVersion = "Xcode 13.0";
			developmentRegion = en;
			hasScannedForEncodings = 0;
			knownRegions = (
				en,
				Base,
			);
			mainGroup = E5E7C4BB27C7D82C00A77E5D;
			productRefGroup = E5E7C4C927C7D82E00A77E5D /* Products */;
			projectDirPath = "";
			projectRoot = "";
			targets = (
				E5E7C4C727C7D82E00A77E5D /* foo-appar (iOS) */,
				E5E7C4CD27C7D82E00A77E5D /* foo-appar (macOS) */,
				E5E7C4D427C7D82E00A77E5D /* Tests iOS */,
				E5E7C4E027C7D82E00A77E5D /* Tests macOS */,
			);
		};
/* End PBXProject section */

/* Begin PBXResourcesBuildPhase section */
		E5E7C4C627C7D82E00A77E5D /* Resources */ = {
			isa = PBXResourcesBuildPhase;
			buildActionMask = 2147483647;
			files = (
				E5E7C51127C823B200A77E5D /* birb.riv in Resources */,
			);
			runOnlyForDeploymentPostprocessing = 0;
		};
		E5E7C4CC27C7D82E00A77E5D /* Resources */ = {
			isa = PBXResourcesBuildPhase;
			buildActionMask = 2147483647;
			files = (
			);
			runOnlyForDeploymentPostprocessing = 0;
		};
		E5E7C4D327C7D82E00A77E5D /* Resources */ = {
			isa = PBXResourcesBuildPhase;
			buildActionMask = 2147483647;
			files = (
			);
			runOnlyForDeploymentPostprocessing = 0;
		};
		E5E7C4DF27C7D82E00A77E5D /* Resources */ = {
			isa = PBXResourcesBuildPhase;
			buildActionMask = 2147483647;
			files = (
			);
			runOnlyForDeploymentPostprocessing = 0;
		};
/* End PBXResourcesBuildPhase section */

/* Begin PBXShellScriptBuildPhase section */
		447F43B0A5C3549946EB6884 /* [CP] Check Pods Manifest.lock */ = {
			isa = PBXShellScriptBuildPhase;
			buildActionMask = 2147483647;
			files = (
			);
			inputFileListPaths = (
			);
			inputPaths = (
				"${PODS_PODFILE_DIR_PATH}/Podfile.lock",
				"${PODS_ROOT}/Manifest.lock",
			);
			name = "[CP] Check Pods Manifest.lock";
			outputFileListPaths = (
			);
			outputPaths = (
				"$(DERIVED_FILE_DIR)/Pods-foo-appar (iOS)-checkManifestLockResult.txt",
			);
			runOnlyForDeploymentPostprocessing = 0;
			shellPath = /bin/sh;
			shellScript = "diff \"${PODS_PODFILE_DIR_PATH}/Podfile.lock\" \"${PODS_ROOT}/Manifest.lock\" > /dev/null\nif [ $? != 0 ] ; then\n    # print error to STDERR\n    echo \"error: The sandbox is not in sync with the Podfile.lock. Run 'pod install' or update your CocoaPods installation.\" >&2\n    exit 1\nfi\n# This output is used by Xcode 'outputs' to avoid re-running this script phase.\necho \"SUCCESS\" > \"${SCRIPT_OUTPUT_FILE_0}\"\n";
			showEnvVarsInLog = 0;
		};
		9F1C3B1B9E76B25CA50ABCCC /* [CP] Embed Pods Frameworks */ = {
			isa = PBXShellScriptBuildPhase;
			buildActionMask = 2147483647;
			files = (
			);
			inputFileListPaths = (
				"${PODS_ROOT}/Target Support Files/Pods-foo-appar (iOS)/Pods-foo-appar (iOS)-frameworks-${CONFIGURATION}-input-files.xcfilelist",
			);
			name = "[CP] Embed Pods Frameworks";
			outputFileListPaths = (
				"${PODS_ROOT}/Target Support Files/Pods-foo-appar (iOS)/Pods-foo-appar (iOS)-frameworks-${CONFIGURATION}-output-files.xcfilelist",
			);
			runOnlyForDeploymentPostprocessing = 0;
			shellPath = /bin/sh;
			shellScript = "\"${PODS_ROOT}/Target Support Files/Pods-foo-appar (iOS)/Pods-foo-appar (iOS)-frameworks.sh\"\n";
			showEnvVarsInLog = 0;
		};
		AC51E417E52AB46C87C5D7E6 /* [CP] Check Pods Manifest.lock */ = {
			isa = PBXShellScriptBuildPhase;
			buildActionMask = 2147483647;
			files = (
			);
			inputFileListPaths = (
			);
			inputPaths = (
				"${PODS_PODFILE_DIR_PATH}/Podfile.lock",
				"${PODS_ROOT}/Manifest.lock",
			);
			name = "[CP] Check Pods Manifest.lock";
			outputFileListPaths = (
			);
			outputPaths = (
				"$(DERIVED_FILE_DIR)/Pods-foo-appar (macOS)-checkManifestLockResult.txt",
			);
			runOnlyForDeploymentPostprocessing = 0;
			shellPath = /bin/sh;
			shellScript = "diff \"${PODS_PODFILE_DIR_PATH}/Podfile.lock\" \"${PODS_ROOT}/Manifest.lock\" > /dev/null\nif [ $? != 0 ] ; then\n    # print error to STDERR\n    echo \"error: The sandbox is not in sync with the Podfile.lock. Run 'pod install' or update your CocoaPods installation.\" >&2\n    exit 1\nfi\n# This output is used by Xcode 'outputs' to avoid re-running this script phase.\necho \"SUCCESS\" > \"${SCRIPT_OUTPUT_FILE_0}\"\n";
			showEnvVarsInLog = 0;
		};
/* End PBXShellScriptBuildPhase section */

/* Begin PBXSourcesBuildPhase section */
		E5E7C4C427C7D82E00A77E5D /* Sources */ = {
			isa = PBXSourcesBuildPhase;
			buildActionMask = 2147483647;
			files = (
				E5E7C50427C7ED1200A77E5D /* utility.swift in Sources */,
				E5E7C50127C7E94100A77E5D /* ContentViewBridge.swift in Sources */,
				E5E7C4EB27C7D82E00A77E5D /* ContentView.swift in Sources */,
				E5E7C4E927C7D82E00A77E5D /* foo_apparApp.swift in Sources */,
			);
			runOnlyForDeploymentPostprocessing = 0;
		};
		E5E7C4CA27C7D82E00A77E5D /* Sources */ = {
			isa = PBXSourcesBuildPhase;
			buildActionMask = 2147483647;
			files = (
				E5E7C50527C7ED1200A77E5D /* utility.swift in Sources */,
				E5E7C50227C7E94100A77E5D /* ContentViewBridge.swift in Sources */,
				E5E7C4EC27C7D82E00A77E5D /* ContentView.swift in Sources */,
				E5E7C4EA27C7D82E00A77E5D /* foo_apparApp.swift in Sources */,
			);
			runOnlyForDeploymentPostprocessing = 0;
		};
		E5E7C4D127C7D82E00A77E5D /* Sources */ = {
			isa = PBXSourcesBuildPhase;
			buildActionMask = 2147483647;
			files = (
				E5E7C4DC27C7D82E00A77E5D /* Tests_iOSLaunchTests.swift in Sources */,
				E5E7C4DA27C7D82E00A77E5D /* Tests_iOS.swift in Sources */,
			);
			runOnlyForDeploymentPostprocessing = 0;
		};
		E5E7C4DD27C7D82E00A77E5D /* Sources */ = {
			isa = PBXSourcesBuildPhase;
			buildActionMask = 2147483647;
			files = (
				E5E7C4E827C7D82E00A77E5D /* Tests_macOSLaunchTests.swift in Sources */,
				E5E7C4E627C7D82E00A77E5D /* Tests_macOS.swift in Sources */,
			);
			runOnlyForDeploymentPostprocessing = 0;
		};
/* End PBXSourcesBuildPhase section */

/* Begin PBXTargetDependency section */
		E5E7C4D727C7D82E00A77E5D /* PBXTargetDependency */ = {
			isa = PBXTargetDependency;
			target = E5E7C4C727C7D82E00A77E5D /* foo-appar (iOS) */;
			targetProxy = E5E7C4D627C7D82E00A77E5D /* PBXContainerItemProxy */;
		};
		E5E7C4E327C7D82E00A77E5D /* PBXTargetDependency */ = {
			isa = PBXTargetDependency;
			target = E5E7C4CD27C7D82E00A77E5D /* foo-appar (macOS) */;
			targetProxy = E5E7C4E227C7D82E00A77E5D /* PBXContainerItemProxy */;
		};
/* End PBXTargetDependency section */

/* Begin XCBuildConfiguration section */
		E5E7C4EF27C7D82E00A77E5D /* Debug */ = {
			isa = XCBuildConfiguration;
			buildSettings = {
				ALWAYS_SEARCH_USER_PATHS = NO;
				CLANG_ANALYZER_NONNULL = YES;
				CLANG_ANALYZER_NUMBER_OBJECT_CONVERSION = YES_AGGRESSIVE;
				CLANG_CXX_LANGUAGE_STANDARD = "gnu++17";
				CLANG_CXX_LIBRARY = "libc++";
				CLANG_ENABLE_MODULES = YES;
				CLANG_ENABLE_OBJC_ARC = YES;
				CLANG_ENABLE_OBJC_WEAK = YES;
				CLANG_WARN_BLOCK_CAPTURE_AUTORELEASING = YES;
				CLANG_WARN_BOOL_CONVERSION = YES;
				CLANG_WARN_COMMA = YES;
				CLANG_WARN_CONSTANT_CONVERSION = YES;
				CLANG_WARN_DEPRECATED_OBJC_IMPLEMENTATIONS = YES;
				CLANG_WARN_DIRECT_OBJC_ISA_USAGE = YES_ERROR;
				CLANG_WARN_DOCUMENTATION_COMMENTS = YES;
				CLANG_WARN_EMPTY_BODY = YES;
				CLANG_WARN_ENUM_CONVERSION = YES;
				CLANG_WARN_INFINITE_RECURSION = YES;
				CLANG_WARN_INT_CONVERSION = YES;
				CLANG_WARN_NON_LITERAL_NULL_CONVERSION = YES;
				CLANG_WARN_OBJC_IMPLICIT_RETAIN_SELF = YES;
				CLANG_WARN_OBJC_LITERAL_CONVERSION = YES;
				CLANG_WARN_OBJC_ROOT_CLASS = YES_ERROR;
				CLANG_WARN_QUOTED_INCLUDE_IN_FRAMEWORK_HEADER = YES;
				CLANG_WARN_RANGE_LOOP_ANALYSIS = YES;
				CLANG_WARN_STRICT_PROTOTYPES = YES;
				CLANG_WARN_SUSPICIOUS_MOVE = YES;
				CLANG_WARN_UNGUARDED_AVAILABILITY = YES_AGGRESSIVE;
				CLANG_WARN_UNREACHABLE_CODE = YES;
				CLANG_WARN__DUPLICATE_METHOD_MATCH = YES;
				COPY_PHASE_STRIP = NO;
				DEBUG_INFORMATION_FORMAT = dwarf;
				ENABLE_STRICT_OBJC_MSGSEND = YES;
				ENABLE_TESTABILITY = YES;
				GCC_C_LANGUAGE_STANDARD = gnu11;
				GCC_DYNAMIC_NO_PIC = NO;
				GCC_NO_COMMON_BLOCKS = YES;
				GCC_OPTIMIZATION_LEVEL = 0;
				GCC_PREPROCESSOR_DEFINITIONS = (
					"DEBUG=1",
					"$(inherited)",
				);
				GCC_WARN_64_TO_32_BIT_CONVERSION = YES;
				GCC_WARN_ABOUT_RETURN_TYPE = YES_ERROR;
				GCC_WARN_UNDECLARED_SELECTOR = YES;
				GCC_WARN_UNINITIALIZED_AUTOS = YES_AGGRESSIVE;
				GCC_WARN_UNUSED_FUNCTION = YES;
				GCC_WARN_UNUSED_VARIABLE = YES;
				MTL_ENABLE_DEBUG_INFO = INCLUDE_SOURCE;
				MTL_FAST_MATH = YES;
				ONLY_ACTIVE_ARCH = YES;
				SWIFT_ACTIVE_COMPILATION_CONDITIONS = DEBUG;
				SWIFT_OPTIMIZATION_LEVEL = "-Onone";
			};
			name = Debug;
		};
		E5E7C4F027C7D82E00A77E5D /* Release */ = {
			isa = XCBuildConfiguration;
			buildSettings = {
				ALWAYS_SEARCH_USER_PATHS = NO;
				CLANG_ANALYZER_NONNULL = YES;
				CLANG_ANALYZER_NUMBER_OBJECT_CONVERSION = YES_AGGRESSIVE;
				CLANG_CXX_LANGUAGE_STANDARD = "gnu++17";
				CLANG_CXX_LIBRARY = "libc++";
				CLANG_ENABLE_MODULES = YES;
				CLANG_ENABLE_OBJC_ARC = YES;
				CLANG_ENABLE_OBJC_WEAK = YES;
				CLANG_WARN_BLOCK_CAPTURE_AUTORELEASING = YES;
				CLANG_WARN_BOOL_CONVERSION = YES;
				CLANG_WARN_COMMA = YES;
				CLANG_WARN_CONSTANT_CONVERSION = YES;
				CLANG_WARN_DEPRECATED_OBJC_IMPLEMENTATIONS = YES;
				CLANG_WARN_DIRECT_OBJC_ISA_USAGE = YES_ERROR;
				CLANG_WARN_DOCUMENTATION_COMMENTS = YES;
				CLANG_WARN_EMPTY_BODY = YES;
				CLANG_WARN_ENUM_CONVERSION = YES;
				CLANG_WARN_INFINITE_RECURSION = YES;
				CLANG_WARN_INT_CONVERSION = YES;
				CLANG_WARN_NON_LITERAL_NULL_CONVERSION = YES;
				CLANG_WARN_OBJC_IMPLICIT_RETAIN_SELF = YES;
				CLANG_WARN_OBJC_LITERAL_CONVERSION = YES;
				CLANG_WARN_OBJC_ROOT_CLASS = YES_ERROR;
				CLANG_WARN_QUOTED_INCLUDE_IN_FRAMEWORK_HEADER = YES;
				CLANG_WARN_RANGE_LOOP_ANALYSIS = YES;
				CLANG_WARN_STRICT_PROTOTYPES = YES;
				CLANG_WARN_SUSPICIOUS_MOVE = YES;
				CLANG_WARN_UNGUARDED_AVAILABILITY = YES_AGGRESSIVE;
				CLANG_WARN_UNREACHABLE_CODE = YES;
				CLANG_WARN__DUPLICATE_METHOD_MATCH = YES;
				COPY_PHASE_STRIP = NO;
				DEBUG_INFORMATION_FORMAT = "dwarf-with-dsym";
				ENABLE_NS_ASSERTIONS = NO;
				ENABLE_STRICT_OBJC_MSGSEND = YES;
				GCC_C_LANGUAGE_STANDARD = gnu11;
				GCC_NO_COMMON_BLOCKS = YES;
				GCC_WARN_64_TO_32_BIT_CONVERSION = YES;
				GCC_WARN_ABOUT_RETURN_TYPE = YES_ERROR;
				GCC_WARN_UNDECLARED_SELECTOR = YES;
				GCC_WARN_UNINITIALIZED_AUTOS = YES_AGGRESSIVE;
				GCC_WARN_UNUSED_FUNCTION = YES;
				GCC_WARN_UNUSED_VARIABLE = YES;
				MTL_ENABLE_DEBUG_INFO = NO;
				MTL_FAST_MATH = YES;
				SWIFT_COMPILATION_MODE = wholemodule;
				SWIFT_OPTIMIZATION_LEVEL = "-O";
			};
			name = Release;
		};
		E5E7C4F227C7D82E00A77E5D /* Debug */ = {
			isa = XCBuildConfiguration;
			baseConfigurationReference = C67B31500FDE5A051732EAF5 /* Pods-foo-appar (iOS).debug.xcconfig */;
			buildSettings = {
				ASSETCATALOG_COMPILER_APPICON_NAME = AppIcon;
				ASSETCATALOG_COMPILER_GLOBAL_ACCENT_COLOR_NAME = AccentColor;
				CODE_SIGN_STYLE = Automatic;
				CURRENT_PROJECT_VERSION = 1;
				DEVELOPMENT_TEAM = F2K98M74Y7;
				ENABLE_PREVIEWS = YES;
				GENERATE_INFOPLIST_FILE = YES;
				INFOPLIST_KEY_UIApplicationSceneManifest_Generation = YES;
				INFOPLIST_KEY_UIApplicationSupportsIndirectInputEvents = YES;
				INFOPLIST_KEY_UILaunchScreen_Generation = YES;
				INFOPLIST_KEY_UISupportedInterfaceOrientations_iPad = "UIInterfaceOrientationPortrait UIInterfaceOrientationPortraitUpsideDown UIInterfaceOrientationLandscapeLeft UIInterfaceOrientationLandscapeRight";
				INFOPLIST_KEY_UISupportedInterfaceOrientations_iPhone = "UIInterfaceOrientationPortrait UIInterfaceOrientationLandscapeLeft UIInterfaceOrientationLandscapeRight";
				IPHONEOS_DEPLOYMENT_TARGET = 15.2;
				LD_RUNPATH_SEARCH_PATHS = (
					"$(inherited)",
					"@executable_path/Frameworks",
				);
				MARKETING_VERSION = 1.0;
				PRODUCT_BUNDLE_IDENTIFIER = "blablafooappar.foo-appar";
				PRODUCT_NAME = "foo-appar";
				SDKROOT = iphoneos;
				SWIFT_EMIT_LOC_STRINGS = YES;
				SWIFT_VERSION = 5.0;
				TARGETED_DEVICE_FAMILY = "1,2";
			};
			name = Debug;
		};
		E5E7C4F327C7D82E00A77E5D /* Release */ = {
			isa = XCBuildConfiguration;
			baseConfigurationReference = 8F84DA16239385725B7581B8 /* Pods-foo-appar (iOS).release.xcconfig */;
			buildSettings = {
				ASSETCATALOG_COMPILER_APPICON_NAME = AppIcon;
				ASSETCATALOG_COMPILER_GLOBAL_ACCENT_COLOR_NAME = AccentColor;
				CODE_SIGN_STYLE = Automatic;
				CURRENT_PROJECT_VERSION = 1;
				DEVELOPMENT_TEAM = F2K98M74Y7;
				ENABLE_PREVIEWS = YES;
				GENERATE_INFOPLIST_FILE = YES;
				INFOPLIST_KEY_UIApplicationSceneManifest_Generation = YES;
				INFOPLIST_KEY_UIApplicationSupportsIndirectInputEvents = YES;
				INFOPLIST_KEY_UILaunchScreen_Generation = YES;
				INFOPLIST_KEY_UISupportedInterfaceOrientations_iPad = "UIInterfaceOrientationPortrait UIInterfaceOrientationPortraitUpsideDown UIInterfaceOrientationLandscapeLeft UIInterfaceOrientationLandscapeRight";
				INFOPLIST_KEY_UISupportedInterfaceOrientations_iPhone = "UIInterfaceOrientationPortrait UIInterfaceOrientationLandscapeLeft UIInterfaceOrientationLandscapeRight";
				IPHONEOS_DEPLOYMENT_TARGET = 15.2;
				LD_RUNPATH_SEARCH_PATHS = (
					"$(inherited)",
					"@executable_path/Frameworks",
				);
				MARKETING_VERSION = 1.0;
				PRODUCT_BUNDLE_IDENTIFIER = "blablafooappar.foo-appar";
				PRODUCT_NAME = "foo-appar";
				SDKROOT = iphoneos;
				SWIFT_EMIT_LOC_STRINGS = YES;
				SWIFT_VERSION = 5.0;
				TARGETED_DEVICE_FAMILY = "1,2";
				VALIDATE_PRODUCT = YES;
			};
			name = Release;
		};
		E5E7C4F527C7D82E00A77E5D /* Debug */ = {
			isa = XCBuildConfiguration;
			baseConfigurationReference = ECC28A9C5832510B8059311A /* Pods-foo-appar (macOS).debug.xcconfig */;
			buildSettings = {
				ASSETCATALOG_COMPILER_APPICON_NAME = AppIcon;
				ASSETCATALOG_COMPILER_GLOBAL_ACCENT_COLOR_NAME = AccentColor;
				CODE_SIGN_ENTITLEMENTS = macOS/macOS.entitlements;
				CODE_SIGN_STYLE = Automatic;
				COMBINE_HIDPI_IMAGES = YES;
				CURRENT_PROJECT_VERSION = 1;
				DEVELOPMENT_TEAM = F2K98M74Y7;
				ENABLE_HARDENED_RUNTIME = YES;
				ENABLE_PREVIEWS = YES;
				GENERATE_INFOPLIST_FILE = YES;
				INFOPLIST_KEY_NSHumanReadableCopyright = "";
				LD_RUNPATH_SEARCH_PATHS = (
					"$(inherited)",
					"@executable_path/../Frameworks",
				);
				MACOSX_DEPLOYMENT_TARGET = 12.1;
				MARKETING_VERSION = 1.0;
				PRODUCT_BUNDLE_IDENTIFIER = "blablafooappar.foo-appar";
				PRODUCT_NAME = "foo-appar";
				SDKROOT = macosx;
				SWIFT_EMIT_LOC_STRINGS = YES;
				SWIFT_VERSION = 5.0;
			};
			name = Debug;
		};
		E5E7C4F627C7D82E00A77E5D /* Release */ = {
			isa = XCBuildConfiguration;
			baseConfigurationReference = 6B40B0F8FDC6EC95CA594224 /* Pods-foo-appar (macOS).release.xcconfig */;
			buildSettings = {
				ASSETCATALOG_COMPILER_APPICON_NAME = AppIcon;
				ASSETCATALOG_COMPILER_GLOBAL_ACCENT_COLOR_NAME = AccentColor;
				CODE_SIGN_ENTITLEMENTS = macOS/macOS.entitlements;
				CODE_SIGN_STYLE = Automatic;
				COMBINE_HIDPI_IMAGES = YES;
				CURRENT_PROJECT_VERSION = 1;
				DEVELOPMENT_TEAM = F2K98M74Y7;
				ENABLE_HARDENED_RUNTIME = YES;
				ENABLE_PREVIEWS = YES;
				GENERATE_INFOPLIST_FILE = YES;
				INFOPLIST_KEY_NSHumanReadableCopyright = "";
				LD_RUNPATH_SEARCH_PATHS = (
					"$(inherited)",
					"@executable_path/../Frameworks",
				);
				MACOSX_DEPLOYMENT_TARGET = 12.1;
				MARKETING_VERSION = 1.0;
				PRODUCT_BUNDLE_IDENTIFIER = "blablafooappar.foo-appar";
				PRODUCT_NAME = "foo-appar";
				SDKROOT = macosx;
				SWIFT_EMIT_LOC_STRINGS = YES;
				SWIFT_VERSION = 5.0;
			};
			name = Release;
		};
		E5E7C4F827C7D82E00A77E5D /* Debug */ = {
			isa = XCBuildConfiguration;
			buildSettings = {
				ALWAYS_EMBED_SWIFT_STANDARD_LIBRARIES = YES;
				CODE_SIGN_STYLE = Automatic;
				CURRENT_PROJECT_VERSION = 1;
				DEVELOPMENT_TEAM = F2K98M74Y7;
				GENERATE_INFOPLIST_FILE = YES;
				IPHONEOS_DEPLOYMENT_TARGET = 15.2;
				MARKETING_VERSION = 1.0;
				PRODUCT_BUNDLE_IDENTIFIER = "blablafooappar.Tests-iOS";
				PRODUCT_NAME = "$(TARGET_NAME)";
				SDKROOT = iphoneos;
				SWIFT_EMIT_LOC_STRINGS = NO;
				SWIFT_VERSION = 5.0;
				TARGETED_DEVICE_FAMILY = "1,2";
				TEST_TARGET_NAME = "foo-appar (iOS)";
			};
			name = Debug;
		};
		E5E7C4F927C7D82E00A77E5D /* Release */ = {
			isa = XCBuildConfiguration;
			buildSettings = {
				ALWAYS_EMBED_SWIFT_STANDARD_LIBRARIES = YES;
				CODE_SIGN_STYLE = Automatic;
				CURRENT_PROJECT_VERSION = 1;
				DEVELOPMENT_TEAM = F2K98M74Y7;
				GENERATE_INFOPLIST_FILE = YES;
				IPHONEOS_DEPLOYMENT_TARGET = 15.2;
				MARKETING_VERSION = 1.0;
				PRODUCT_BUNDLE_IDENTIFIER = "blablafooappar.Tests-iOS";
				PRODUCT_NAME = "$(TARGET_NAME)";
				SDKROOT = iphoneos;
				SWIFT_EMIT_LOC_STRINGS = NO;
				SWIFT_VERSION = 5.0;
				TARGETED_DEVICE_FAMILY = "1,2";
				TEST_TARGET_NAME = "foo-appar (iOS)";
				VALIDATE_PRODUCT = YES;
			};
			name = Release;
		};
		E5E7C4FB27C7D82E00A77E5D /* Debug */ = {
			isa = XCBuildConfiguration;
			buildSettings = {
				ALWAYS_EMBED_SWIFT_STANDARD_LIBRARIES = YES;
				CODE_SIGN_STYLE = Automatic;
				CURRENT_PROJECT_VERSION = 1;
				DEVELOPMENT_TEAM = F2K98M74Y7;
				GENERATE_INFOPLIST_FILE = YES;
				MACOSX_DEPLOYMENT_TARGET = 12.1;
				MARKETING_VERSION = 1.0;
				PRODUCT_BUNDLE_IDENTIFIER = "blablafooappar.Tests-macOS";
				PRODUCT_NAME = "$(TARGET_NAME)";
				SDKROOT = macosx;
				SWIFT_EMIT_LOC_STRINGS = NO;
				SWIFT_VERSION = 5.0;
				TEST_TARGET_NAME = "foo-appar (macOS)";
			};
			name = Debug;
		};
		E5E7C4FC27C7D82E00A77E5D /* Release */ = {
			isa = XCBuildConfiguration;
			buildSettings = {
				ALWAYS_EMBED_SWIFT_STANDARD_LIBRARIES = YES;
				CODE_SIGN_STYLE = Automatic;
				CURRENT_PROJECT_VERSION = 1;
				DEVELOPMENT_TEAM = F2K98M74Y7;
				GENERATE_INFOPLIST_FILE = YES;
				MACOSX_DEPLOYMENT_TARGET = 12.1;
				MARKETING_VERSION = 1.0;
				PRODUCT_BUNDLE_IDENTIFIER = "blablafooappar.Tests-macOS";
				PRODUCT_NAME = "$(TARGET_NAME)";
				SDKROOT = macosx;
				SWIFT_EMIT_LOC_STRINGS = NO;
				SWIFT_VERSION = 5.0;
				TEST_TARGET_NAME = "foo-appar (macOS)";
			};
			name = Release;
		};
/* End XCBuildConfiguration section */

/* Begin XCConfigurationList section */
		E5E7C4BF27C7D82C00A77E5D /* Build configuration list for PBXProject "foo-appar" */ = {
			isa = XCConfigurationList;
			buildConfigurations = (
				E5E7C4EF27C7D82E00A77E5D /* Debug */,
				E5E7C4F027C7D82E00A77E5D /* Release */,
			);
			defaultConfigurationIsVisible = 0;
			defaultConfigurationName = Release;
		};
		E5E7C4F127C7D82E00A77E5D /* Build configuration list for PBXNativeTarget "foo-appar (iOS)" */ = {
			isa = XCConfigurationList;
			buildConfigurations = (
				E5E7C4F227C7D82E00A77E5D /* Debug */,
				E5E7C4F327C7D82E00A77E5D /* Release */,
			);
			defaultConfigurationIsVisible = 0;
			defaultConfigurationName = Release;
		};
		E5E7C4F427C7D82E00A77E5D /* Build configuration list for PBXNativeTarget "foo-appar (macOS)" */ = {
			isa = XCConfigurationList;
			buildConfigurations = (
				E5E7C4F527C7D82E00A77E5D /* Debug */,
				E5E7C4F627C7D82E00A77E5D /* Release */,
			);
			defaultConfigurationIsVisible = 0;
			defaultConfigurationName = Release;
		};
		E5E7C4F727C7D82E00A77E5D /* Build configuration list for PBXNativeTarget "Tests iOS" */ = {
			isa = XCConfigurationList;
			buildConfigurations = (
				E5E7C4F827C7D82E00A77E5D /* Debug */,
				E5E7C4F927C7D82E00A77E5D /* Release */,
			);
			defaultConfigurationIsVisible = 0;
			defaultConfigurationName = Release;
		};
		E5E7C4FA27C7D82E00A77E5D /* Build configuration list for PBXNativeTarget "Tests macOS" */ = {
			isa = XCConfigurationList;
			buildConfigurations = (
				E5E7C4FB27C7D82E00A77E5D /* Debug */,
				E5E7C4FC27C7D82E00A77E5D /* Release */,
			);
			defaultConfigurationIsVisible = 0;
			defaultConfigurationName = Release;
		};
/* End XCConfigurationList section */
	};
	rootObject = E5E7C4BC27C7D82C00A77E5D /* Project object */;
}
